
Microsoft Visual Studio Solution File, Format Version 12.00
# Visual Studio Version 17
VisualStudioVersion = 17.3.32901.215
MinimumVisualStudioVersion = 10.0.40219.1
Project("{FAE04EC0-301F-11D3-BF4B-00C04F79EFBC}") = "t5", "t5.csproj", "{1311815F-219D-4631-B63A-534FA3005E16}"
EndProject
Global
	GlobalSection(SolutionConfigurationPlatforms) = preSolution
		Debug|Any CPU = Debug|Any CPU
		Release|Any CPU = Release|Any CPU
	EndGlobalSection
	GlobalSection(ProjectConfigurationPlatforms) = postSolution
		{1311815F-219D-4631-B63A-534FA3005E16}.Debug|Any CPU.ActiveCfg = Debug|Any CPU
		{1311815F-219D-4631-B63A-534FA3005E16}.Debug|Any CPU.Build.0 = Debug|Any CPU
		{1311815F-219D-4631-B63A-534FA3005E16}.Release|Any CPU.ActiveCfg = Release|Any CPU
		{1311815F-219D-4631-B63A-534FA3005E16}.Release|Any CPU.Build.0 = Release|Any CPU
	EndGlobalSection
	GlobalSection(SolutionProperties) = preSolution
		HideSolutionNode = FALSE
	EndGlobalSection
	GlobalSection(ExtensibilityGlobals) = postSolution
		SolutionGuid = {83BD2640-DA5C-4D15-9A10-EDAD7EFBFEF5}
	EndGlobalSection
EndGlobal
